PODS:
  - FBSnapshotTestCase (2.0.7):
    - FBSnapshotTestCase/SwiftSupport (= 2.0.7)
  - FBSnapshotTestCase/Core (2.0.7)
  - FBSnapshotTestCase/SwiftSupport (2.0.7):
    - FBSnapshotTestCase/Core
  - HBProgressSAH (0.1.0)

DEPENDENCIES:
  - FBSnapshotTestCase
  - HBProgressSAH (from `../`)

EXTERNAL SOURCES:
  HBProgressSAH:
    :path: ../

SPEC CHECKSUMS:
  FBSnapshotTestCase: 7e85180d0d141a0cf472352edda7e80d7eaeb547
  HBProgressSAH: 759d9f67be23711ce6a28869c92a37f5d098f894

COCOAPODS: 0.39.0
