PODS:
  - FBSnapshotTestCase (2.0.7):
    - FBSnapshotTestCase/SwiftSupport (= 2.0.7)
  - FBSnapshotTestCase/Core (2.0.7)
  - FBSnapshotTestCase/SwiftSupport (2.0.7):
    - FBSnapshotTestCase/Core
  - HBProgressSAH (0.2.0-beta)

DEPENDENCIES:
  - FBSnapshotTestCase
  - HBProgressSAH (from `../`)

EXTERNAL SOURCES:
  HBProgressSAH:
    :path: ../

SPEC CHECKSUMS:
  FBSnapshotTestCase: 7e85180d0d141a0cf472352edda7e80d7eaeb547
  HBProgressSAH: d12033e990b8394c5da67eb6f5155ba0e58f8895

COCOAPODS: 0.39.0
